
Microsoft Visual Studio Solution File, Format Version 12.00
# Visual Studio 15
VisualStudioVersion = 15.0.27428.2027
MinimumVisualStudioVersion = 10.0.40219.1
Project("{FAE04EC0-301F-11D3-BF4B-00C04F79EFBC}") = "JustWatchApi", "JustWatchApi\JustWatchApi.csproj", "{04C1B7DC-280D-4FBC-8417-A9DCD0138C07}"
EndProject
Project("{FAE04EC0-301F-11D3-BF4B-00C04F79EFBC}") = "JustWatchApi.Tests", "JustWatchApi.Tests\JustWatchApi.Tests.csproj", "{DB079492-FC9F-4D5F-814F-190FAC211F84}"
EndProject
Global
	GlobalSection(SolutionConfigurationPlatforms) = preSolution
		Debug|Any CPU = Debug|Any CPU
		Release|Any CPU = Release|Any CPU
	EndGlobalSection
	GlobalSection(ProjectConfigurationPlatforms) = postSolution
		{04C1B7DC-280D-4FBC-8417-A9DCD0138C07}.Debug|Any CPU.ActiveCfg = Debug|Any CPU
		{04C1B7DC-280D-4FBC-8417-A9DCD0138C07}.Debug|Any CPU.Build.0 = Debug|Any CPU
		{04C1B7DC-280D-4FBC-8417-A9DCD0138C07}.Release|Any CPU.ActiveCfg = Release|Any CPU
		{04C1B7DC-280D-4FBC-8417-A9DCD0138C07}.Release|Any CPU.Build.0 = Release|Any CPU
		{DB079492-FC9F-4D5F-814F-190FAC211F84}.Debug|Any CPU.ActiveCfg = Debug|Any CPU
		{DB079492-FC9F-4D5F-814F-190FAC211F84}.Debug|Any CPU.Build.0 = Debug|Any CPU
		{DB079492-FC9F-4D5F-814F-190FAC211F84}.Release|Any CPU.ActiveCfg = Release|Any CPU
		{DB079492-FC9F-4D5F-814F-190FAC211F84}.Release|Any CPU.Build.0 = Release|Any CPU
	EndGlobalSection
	GlobalSection(SolutionProperties) = preSolution
		HideSolutionNode = FALSE
	EndGlobalSection
	GlobalSection(ExtensibilityGlobals) = postSolution
		SolutionGuid = {63C4B60D-8D3A-46B7-9BE5-59F94139D352}
	EndGlobalSection
EndGlobal
